// !$*UTF8*$!
{
	archiveVersion = 1;
	classes = {
	};
	objectVersion = 55;
	objects = {

/* Begin PBXBuildFile section */
		C44C135B288B95E8008AACE1 /* ASM1App.swift in Sources */ = {isa = PBXBuildFile; fileRef = C44C135A288B95E8008AACE1 /* ASM1App.swift */; };
		C44C135D288B95E8008AACE1 /* ContentView.swift in Sources */ = {isa = PBXBuildFile; fileRef = C44C135C288B95E8008AACE1 /* ContentView.swift */; };
		C44C135F288B95ED008AACE1 /* Assets.xcassets in Resources */ = {isa = PBXBuildFile; fileRef = C44C135E288B95ED008AACE1 /* Assets.xcassets */; };
		C44C1362288B95ED008AACE1 /* Preview Assets.xcassets in Resources */ = {isa = PBXBuildFile; fileRef = C44C1361288B95ED008AACE1 /* Preview Assets.xcassets */; };
		C44C136F288C1BB8008AACE1 /* ItemView.swift in Sources */ = {isa = PBXBuildFile; fileRef = C44C136E288C1BB8008AACE1 /* ItemView.swift */; };
		C44C1371288C1BE1008AACE1 /* Item.swift in Sources */ = {isa = PBXBuildFile; fileRef = C44C1370288C1BE1008AACE1 /* Item.swift */; };
		C44C1373288C1CDA008AACE1 /* ModelData.swift in Sources */ = {isa = PBXBuildFile; fileRef = C44C1372288C1CDA008AACE1 /* ModelData.swift */; };
		C44C1375288C222D008AACE1 /* ColorConstants.swift in Sources */ = {isa = PBXBuildFile; fileRef = C44C1374288C222D008AACE1 /* ColorConstants.swift */; };
		C44C1377288D6CEA008AACE1 /* ItemDescr.swift in Sources */ = {isa = PBXBuildFile; fileRef = C44C1376288D6CEA008AACE1 /* ItemDescr.swift */; };
		C44C1379288DA3EF008AACE1 /* ButtonAnimation.swift in Sources */ = {isa = PBXBuildFile; fileRef = C44C1378288DA3EF008AACE1 /* ButtonAnimation.swift */; };
		C44C137E288E4CB6008AACE1 /* Sarabun-Bold.ttf in Resources */ = {isa = PBXBuildFile; fileRef = C44C137D288E4CB6008AACE1 /* Sarabun-Bold.ttf */; };
		C44C1383288E4D9A008AACE1 /* Inter-Bold.ttf in Resources */ = {isa = PBXBuildFile; fileRef = C44C1382288E4D9A008AACE1 /* Inter-Bold.ttf */; };
		C44C1385288E4E5A008AACE1 /* Inter-SemiBold.ttf in Resources */ = {isa = PBXBuildFile; fileRef = C44C1384288E4E5A008AACE1 /* Inter-SemiBold.ttf */; };
		C44C1387288F9FB7008AACE1 /* Inter-Light.ttf in Resources */ = {isa = PBXBuildFile; fileRef = C44C1386288F9FB7008AACE1 /* Inter-Light.ttf */; };
		C44C1389288FA13C008AACE1 /* WebsiteList.swift in Sources */ = {isa = PBXBuildFile; fileRef = C44C1388288FA13C008AACE1 /* WebsiteList.swift */; };
		C44C138B288FBA23008AACE1 /* WebsiteLabel.swift in Sources */ = {isa = PBXBuildFile; fileRef = C44C138A288FBA23008AACE1 /* WebsiteLabel.swift */; };
/* End PBXBuildFile section */

/* Begin PBXFileReference section */
		C44C1357288B95E8008AACE1 /* ASM1.app */ = {isa = PBXFileReference; explicitFileType = wrapper.application; includeInIndex = 0; path = ASM1.app; sourceTree = BUILT_PRODUCTS_DIR; };
		C44C135A288B95E8008AACE1 /* ASM1App.swift */ = {isa = PBXFileReference; lastKnownFileType = sourcecode.swift; path = ASM1App.swift; sourceTree = "<group>"; };
		C44C135C288B95E8008AACE1 /* ContentView.swift */ = {isa = PBXFileReference; lastKnownFileType = sourcecode.swift; path = ContentView.swift; sourceTree = "<group>"; };
		C44C135E288B95ED008AACE1 /* Assets.xcassets */ = {isa = PBXFileReference; lastKnownFileType = folder.assetcatalog; path = Assets.xcassets; sourceTree = "<group>"; };
		C44C1361288B95ED008AACE1 /* Preview Assets.xcassets */ = {isa = PBXFileReference; lastKnownFileType = folder.assetcatalog; path = "Preview Assets.xcassets"; sourceTree = "<group>"; };
		C44C136E288C1BB8008AACE1 /* ItemView.swift */ = {isa = PBXFileReference; lastKnownFileType = sourcecode.swift; path = ItemView.swift; sourceTree = "<group>"; };
		C44C1370288C1BE1008AACE1 /* Item.swift */ = {isa = PBXFileReference; lastKnownFileType = sourcecode.swift; path = Item.swift; sourceTree = "<group>"; };
		C44C1372288C1CDA008AACE1 /* ModelData.swift */ = {isa = PBXFileReference; lastKnownFileType = sourcecode.swift; path = ModelData.swift; sourceTree = "<group>"; };
		C44C1374288C222D008AACE1 /* ColorConstants.swift */ = {isa = PBXFileReference; lastKnownFileType = sourcecode.swift; path = ColorConstants.swift; sourceTree = "<group>"; };
		C44C1376288D6CEA008AACE1 /* ItemDescr.swift */ = {isa = PBXFileReference; lastKnownFileType = sourcecode.swift; path = ItemDescr.swift; sourceTree = "<group>"; };
		C44C1378288DA3EF008AACE1 /* ButtonAnimation.swift */ = {isa = PBXFileReference; lastKnownFileType = sourcecode.swift; path = ButtonAnimation.swift; sourceTree = "<group>"; };
		C44C137D288E4CB6008AACE1 /* Sarabun-Bold.ttf */ = {isa = PBXFileReference; lastKnownFileType = file; name = "Sarabun-Bold.ttf"; path = "Sarabun/Sarabun-Bold.ttf"; sourceTree = SOURCE_ROOT; };
		C44C137F288E4CDE008AACE1 /* Info.plist */ = {isa = PBXFileReference; lastKnownFileType = text.plist; path = Info.plist; sourceTree = "<group>"; };
		C44C1382288E4D9A008AACE1 /* Inter-Bold.ttf */ = {isa = PBXFileReference; lastKnownFileType = file; name = "Inter-Bold.ttf"; path = "Inter/static/Inter-Bold.ttf"; sourceTree = SOURCE_ROOT; };
		C44C1384288E4E5A008AACE1 /* Inter-SemiBold.ttf */ = {isa = PBXFileReference; lastKnownFileType = file; name = "Inter-SemiBold.ttf"; path = "Inter/static/Inter-SemiBold.ttf"; sourceTree = SOURCE_ROOT; };
		C44C1386288F9FB7008AACE1 /* Inter-Light.ttf */ = {isa = PBXFileReference; lastKnownFileType = file; name = "Inter-Light.ttf"; path = "Inter/static/Inter-Light.ttf"; sourceTree = SOURCE_ROOT; };
		C44C1388288FA13C008AACE1 /* WebsiteList.swift */ = {isa = PBXFileReference; lastKnownFileType = sourcecode.swift; path = WebsiteList.swift; sourceTree = "<group>"; };
		C44C138A288FBA23008AACE1 /* WebsiteLabel.swift */ = {isa = PBXFileReference; lastKnownFileType = sourcecode.swift; path = WebsiteLabel.swift; sourceTree = "<group>"; };
/* End PBXFileReference section */

/* Begin PBXFrameworksBuildPhase section */
		C44C1354288B95E8008AACE1 /* Frameworks */ = {
			isa = PBXFrameworksBuildPhase;
			buildActionMask = 2147483647;
			files = (
			);
			runOnlyForDeploymentPostprocessing = 0;
		};
/* End PBXFrameworksBuildPhase section */

/* Begin PBXGroup section */
		C44C134E288B95E8008AACE1 = {
			isa = PBXGroup;
			children = (
				C44C1359288B95E8008AACE1 /* ASM1 */,
				C44C1358288B95E8008AACE1 /* Products */,
			);
			sourceTree = "<group>";
		};
		C44C1358288B95E8008AACE1 /* Products */ = {
			isa = PBXGroup;
			children = (
				C44C1357288B95E8008AACE1 /* ASM1.app */,
			);
			name = Products;
			sourceTree = "<group>";
		};
		C44C1359288B95E8008AACE1 /* ASM1 */ = {
			isa = PBXGroup;
			children = (
				C44C137F288E4CDE008AACE1 /* Info.plist */,
				C44C137C288E4C5A008AACE1 /* fonts */,
				C44C136D288C1B69008AACE1 /* Views */,
				C44C136C288C1B63008AACE1 /* Model */,
				C44C135A288B95E8008AACE1 /* ASM1App.swift */,
				C44C135E288B95ED008AACE1 /* Assets.xcassets */,
				C44C1360288B95ED008AACE1 /* Preview Content */,
			);
			path = ASM1;
			sourceTree = "<group>";
		};
		C44C1360288B95ED008AACE1 /* Preview Content */ = {
			isa = PBXGroup;
			children = (
				C44C1361288B95ED008AACE1 /* Preview Assets.xcassets */,
			);
			path = "Preview Content";
			sourceTree = "<group>";
		};
		C44C136C288C1B63008AACE1 /* Model */ = {
			isa = PBXGroup;
			children = (
				C44C1370288C1BE1008AACE1 /* Item.swift */,
				C44C1372288C1CDA008AACE1 /* ModelData.swift */,
				C44C1374288C222D008AACE1 /* ColorConstants.swift */,
				C44C135C288B95E8008AACE1 /* ContentView.swift */,
			);
			path = Model;
			sourceTree = "<group>";
		};
		C44C136D288C1B69008AACE1 /* Views */ = {
			isa = PBXGroup;
			children = (
				C44C136E288C1BB8008AACE1 /* ItemView.swift */,
				C44C1376288D6CEA008AACE1 /* ItemDescr.swift */,
				C44C1378288DA3EF008AACE1 /* ButtonAnimation.swift */,
				C44C1388288FA13C008AACE1 /* WebsiteList.swift */,
				C44C138A288FBA23008AACE1 /* WebsiteLabel.swift */,
			);
			path = Views;
			sourceTree = "<group>";
		};
		C44C137C288E4C5A008AACE1 /* fonts */ = {
			isa = PBXGroup;
			children = (
				C44C1386288F9FB7008AACE1 /* Inter-Light.ttf */,
				C44C1382288E4D9A008AACE1 /* Inter-Bold.ttf */,
				C44C1384288E4E5A008AACE1 /* Inter-SemiBold.ttf */,
				C44C137D288E4CB6008AACE1 /* Sarabun-Bold.ttf */,
			);
			path = fonts;
			sourceTree = "<group>";
		};
/* End PBXGroup section */

/* Begin PBXNativeTarget section */
		C44C1356288B95E8008AACE1 /* ASM1 */ = {
			isa = PBXNativeTarget;
			buildConfigurationList = C44C1365288B95ED008AACE1 /* Build configuration list for PBXNativeTarget "ASM1" */;
			buildPhases = (
				C44C1353288B95E8008AACE1 /* Sources */,
				C44C1354288B95E8008AACE1 /* Frameworks */,
				C44C1355288B95E8008AACE1 /* Resources */,
			);
			buildRules = (
			);
			dependencies = (
			);
			name = ASM1;
			productName = ASM1;
			productReference = C44C1357288B95E8008AACE1 /* ASM1.app */;
			productType = "com.apple.product-type.application";
		};
/* End PBXNativeTarget section */

/* Begin PBXProject section */
		C44C134F288B95E8008AACE1 /* Project object */ = {
			isa = PBXProject;
			attributes = {
				BuildIndependentTargetsInParallel = 1;
				LastSwiftUpdateCheck = 1340;
				LastUpgradeCheck = 1340;
				TargetAttributes = {
					C44C1356288B95E8008AACE1 = {
						CreatedOnToolsVersion = 13.4.1;
					};
				};
			};
			buildConfigurationList = C44C1352288B95E8008AACE1 /* Build configuration list for PBXProject "ASM1" */;
			compatibilityVersion = "Xcode 13.0";
			developmentRegion = en;
			hasScannedForEncodings = 0;
			knownRegions = (
				en,
				Base,
			);
			mainGroup = C44C134E288B95E8008AACE1;
			productRefGroup = C44C1358288B95E8008AACE1 /* Products */;
			projectDirPath = "";
			projectRoot = "";
			targets = (
				C44C1356288B95E8008AACE1 /* ASM1 */,
			);
		};
/* End PBXProject section */

/* Begin PBXResourcesBuildPhase section */
		C44C1355288B95E8008AACE1 /* Resources */ = {
			isa = PBXResourcesBuildPhase;
			buildActionMask = 2147483647;
			files = (
				C44C1385288E4E5A008AACE1 /* Inter-SemiBold.ttf in Resources */,
				C44C1362288B95ED008AACE1 /* Preview Assets.xcassets in Resources */,
				C44C1383288E4D9A008AACE1 /* Inter-Bold.ttf in Resources */,
				C44C137E288E4CB6008AACE1 /* Sarabun-Bold.ttf in Resources */,
				C44C1387288F9FB7008AACE1 /* Inter-Light.ttf in Resources */,
				C44C135F288B95ED008AACE1 /* Assets.xcassets in Resources */,
			);
			runOnlyForDeploymentPostprocessing = 0;
		};
/* End PBXResourcesBuildPhase section */

/* Begin PBXSourcesBuildPhase section */
		C44C1353288B95E8008AACE1 /* Sources */ = {
			isa = PBXSourcesBuildPhase;
			buildActionMask = 2147483647;
			files = (
				C44C1371288C1BE1008AACE1 /* Item.swift in Sources */,
				C44C135D288B95E8008AACE1 /* ContentView.swift in Sources */,
				C44C1373288C1CDA008AACE1 /* ModelData.swift in Sources */,
				C44C1375288C222D008AACE1 /* ColorConstants.swift in Sources */,
				C44C1389288FA13C008AACE1 /* WebsiteList.swift in Sources */,
				C44C1379288DA3EF008AACE1 /* ButtonAnimation.swift in Sources */,
				C44C136F288C1BB8008AACE1 /* ItemView.swift in Sources */,
				C44C138B288FBA23008AACE1 /* WebsiteLabel.swift in Sources */,
				C44C1377288D6CEA008AACE1 /* ItemDescr.swift in Sources */,
				C44C135B288B95E8008AACE1 /* ASM1App.swift in Sources */,
			);
			runOnlyForDeploymentPostprocessing = 0;
		};
/* End PBXSourcesBuildPhase section */

/* Begin XCBuildConfiguration section */
		C44C1363288B95ED008AACE1 /* Debug */ = {
			isa = XCBuildConfiguration;
			buildSettings = {
				ALWAYS_SEARCH_USER_PATHS = NO;
				CLANG_ANALYZER_NONNULL = YES;
				CLANG_ANALYZER_NUMBER_OBJECT_CONVERSION = YES_AGGRESSIVE;
				CLANG_CXX_LANGUAGE_STANDARD = "gnu++17";
				CLANG_ENABLE_MODULES = YES;
				CLANG_ENABLE_OBJC_ARC = YES;
				CLANG_ENABLE_OBJC_WEAK = YES;
				CLANG_WARN_BLOCK_CAPTURE_AUTORELEASING = YES;
				CLANG_WARN_BOOL_CONVERSION = YES;
				CLANG_WARN_COMMA = YES;
				CLANG_WARN_CONSTANT_CONVERSION = YES;
				CLANG_WARN_DEPRECATED_OBJC_IMPLEMENTATIONS = YES;
				CLANG_WARN_DIRECT_OBJC_ISA_USAGE = YES_ERROR;
				CLANG_WARN_DOCUMENTATION_COMMENTS = YES;
				CLANG_WARN_EMPTY_BODY = YES;
				CLANG_WARN_ENUM_CONVERSION = YES;
				CLANG_WARN_INFINITE_RECURSION = YES;
				CLANG_WARN_INT_CONVERSION = YES;
				CLANG_WARN_NON_LITERAL_NULL_CONVERSION = YES;
				CLANG_WARN_OBJC_IMPLICIT_RETAIN_SELF = YES;
				CLANG_WARN_OBJC_LITERAL_CONVERSION = YES;
				CLANG_WARN_OBJC_ROOT_CLASS = YES_ERROR;
				CLANG_WARN_QUOTED_INCLUDE_IN_FRAMEWORK_HEADER = YES;
				CLANG_WARN_RANGE_LOOP_ANALYSIS = YES;
				CLANG_WARN_STRICT_PROTOTYPES = YES;
				CLANG_WARN_SUSPICIOUS_MOVE = YES;
				CLANG_WARN_UNGUARDED_AVAILABILITY = YES_AGGRESSIVE;
				CLANG_WARN_UNREACHABLE_CODE = YES;
				CLANG_WARN__DUPLICATE_METHOD_MATCH = YES;
				COPY_PHASE_STRIP = NO;
				DEBUG_INFORMATION_FORMAT = dwarf;
				ENABLE_STRICT_OBJC_MSGSEND = YES;
				ENABLE_TESTABILITY = YES;
				GCC_C_LANGUAGE_STANDARD = gnu11;
				GCC_DYNAMIC_NO_PIC = NO;
				GCC_NO_COMMON_BLOCKS = YES;
				GCC_OPTIMIZATION_LEVEL = 0;
				GCC_PREPROCESSOR_DEFINITIONS = (
					"DEBUG=1",
					"$(inherited)",
				);
				GCC_WARN_64_TO_32_BIT_CONVERSION = YES;
				GCC_WARN_ABOUT_RETURN_TYPE = YES_ERROR;
				GCC_WARN_UNDECLARED_SELECTOR = YES;
				GCC_WARN_UNINITIALIZED_AUTOS = YES_AGGRESSIVE;
				GCC_WARN_UNUSED_FUNCTION = YES;
				GCC_WARN_UNUSED_VARIABLE = YES;
				IPHONEOS_DEPLOYMENT_TARGET = 15.5;
				MTL_ENABLE_DEBUG_INFO = INCLUDE_SOURCE;
				MTL_FAST_MATH = YES;
				ONLY_ACTIVE_ARCH = YES;
				SDKROOT = iphoneos;
				SWIFT_ACTIVE_COMPILATION_CONDITIONS = DEBUG;
				SWIFT_OPTIMIZATION_LEVEL = "-Onone";
			};
			name = Debug;
		};
		C44C1364288B95ED008AACE1 /* Release */ = {
			isa = XCBuildConfiguration;
			buildSettings = {
				ALWAYS_SEARCH_USER_PATHS = NO;
				CLANG_ANALYZER_NONNULL = YES;
				CLANG_ANALYZER_NUMBER_OBJECT_CONVERSION = YES_AGGRESSIVE;
				CLANG_CXX_LANGUAGE_STANDARD = "gnu++17";
				CLANG_ENABLE_MODULES = YES;
				CLANG_ENABLE_OBJC_ARC = YES;
				CLANG_ENABLE_OBJC_WEAK = YES;
				CLANG_WARN_BLOCK_CAPTURE_AUTORELEASING = YES;
				CLANG_WARN_BOOL_CONVERSION = YES;
				CLANG_WARN_COMMA = YES;
				CLANG_WARN_CONSTANT_CONVERSION = YES;
				CLANG_WARN_DEPRECATED_OBJC_IMPLEMENTATIONS = YES;
				CLANG_WARN_DIRECT_OBJC_ISA_USAGE = YES_ERROR;
				CLANG_WARN_DOCUMENTATION_COMMENTS = YES;
				CLANG_WARN_EMPTY_BODY = YES;
				CLANG_WARN_ENUM_CONVERSION = YES;
				CLANG_WARN_INFINITE_RECURSION = YES;
				CLANG_WARN_INT_CONVERSION = YES;
				CLANG_WARN_NON_LITERAL_NULL_CONVERSION = YES;
				CLANG_WARN_OBJC_IMPLICIT_RETAIN_SELF = YES;
				CLANG_WARN_OBJC_LITERAL_CONVERSION = YES;
				CLANG_WARN_OBJC_ROOT_CLASS = YES_ERROR;
				CLANG_WARN_QUOTED_INCLUDE_IN_FRAMEWORK_HEADER = YES;
				CLANG_WARN_RANGE_LOOP_ANALYSIS = YES;
				CLANG_WARN_STRICT_PROTOTYPES = YES;
				CLANG_WARN_SUSPICIOUS_MOVE = YES;
				CLANG_WARN_UNGUARDED_AVAILABILITY = YES_AGGRESSIVE;
				CLANG_WARN_UNREACHABLE_CODE = YES;
				CLANG_WARN__DUPLICATE_METHOD_MATCH = YES;
				COPY_PHASE_STRIP = NO;
				DEBUG_INFORMATION_FORMAT = "dwarf-with-dsym";
				ENABLE_NS_ASSERTIONS = NO;
				ENABLE_STRICT_OBJC_MSGSEND = YES;
				GCC_C_LANGUAGE_STANDARD = gnu11;
				GCC_NO_COMMON_BLOCKS = YES;
				GCC_WARN_64_TO_32_BIT_CONVERSION = YES;
				GCC_WARN_ABOUT_RETURN_TYPE = YES_ERROR;
				GCC_WARN_UNDECLARED_SELECTOR = YES;
				GCC_WARN_UNINITIALIZED_AUTOS = YES_AGGRESSIVE;
				GCC_WARN_UNUSED_FUNCTION = YES;
				GCC_WARN_UNUSED_VARIABLE = YES;
				IPHONEOS_DEPLOYMENT_TARGET = 15.5;
				MTL_ENABLE_DEBUG_INFO = NO;
				MTL_FAST_MATH = YES;
				SDKROOT = iphoneos;
				SWIFT_COMPILATION_MODE = wholemodule;
				SWIFT_OPTIMIZATION_LEVEL = "-O";
				VALIDATE_PRODUCT = YES;
			};
			name = Release;
		};
		C44C1366288B95ED008AACE1 /* Debug */ = {
			isa = XCBuildConfiguration;
			buildSettings = {
				ASSETCATALOG_COMPILER_APPICON_NAME = AppIcon;
				ASSETCATALOG_COMPILER_GLOBAL_ACCENT_COLOR_NAME = AccentColor;
				CODE_SIGN_STYLE = Automatic;
				CURRENT_PROJECT_VERSION = 1;
				DEVELOPMENT_ASSET_PATHS = "\"ASM1/Preview Content\"";
				ENABLE_PREVIEWS = YES;
				GENERATE_INFOPLIST_FILE = YES;
				INFOPLIST_FILE = ASM1/Info.plist;
				INFOPLIST_KEY_UIApplicationSceneManifest_Generation = YES;
				INFOPLIST_KEY_UIApplicationSupportsIndirectInputEvents = YES;
				INFOPLIST_KEY_UILaunchScreen_Generation = YES;
				INFOPLIST_KEY_UISupportedInterfaceOrientations_iPad = "UIInterfaceOrientationPortrait UIInterfaceOrientationPortraitUpsideDown UIInterfaceOrientationLandscapeLeft UIInterfaceOrientationLandscapeRight";
				INFOPLIST_KEY_UISupportedInterfaceOrientations_iPhone = "UIInterfaceOrientationPortrait UIInterfaceOrientationLandscapeLeft UIInterfaceOrientationLandscapeRight";
				LD_RUNPATH_SEARCH_PATHS = (
					"$(inherited)",
					"@executable_path/Frameworks",
				);
				MARKETING_VERSION = 1.0;
				PRODUCT_BUNDLE_IDENTIFIER = com.iosProg.linh.ASM1;
				PRODUCT_NAME = "$(TARGET_NAME)";
				SWIFT_EMIT_LOC_STRINGS = YES;
				SWIFT_VERSION = 5.0;
				TARGETED_DEVICE_FAMILY = "1,2";
			};
			name = Debug;
		};
		C44C1367288B95ED008AACE1 /* Release */ = {
			isa = XCBuildConfiguration;
			buildSettings = {
				ASSETCATALOG_COMPILER_APPICON_NAME = AppIcon;
				ASSETCATALOG_COMPILER_GLOBAL_ACCENT_COLOR_NAME = AccentColor;
				CODE_SIGN_STYLE = Automatic;
				CURRENT_PROJECT_VERSION = 1;
				DEVELOPMENT_ASSET_PATHS = "\"ASM1/Preview Content\"";
				ENABLE_PREVIEWS = YES;
				GENERATE_INFOPLIST_FILE = YES;
				INFOPLIST_FILE = ASM1/Info.plist;
				INFOPLIST_KEY_UIApplicationSceneManifest_Generation = YES;
				INFOPLIST_KEY_UIApplicationSupportsIndirectInputEvents = YES;
				INFOPLIST_KEY_UILaunchScreen_Generation = YES;
				INFOPLIST_KEY_UISupportedInterfaceOrientations_iPad = "UIInterfaceOrientationPortrait UIInterfaceOrientationPortraitUpsideDown UIInterfaceOrientationLandscapeLeft UIInterfaceOrientationLandscapeRight";
				INFOPLIST_KEY_UISupportedInterfaceOrientations_iPhone = "UIInterfaceOrientationPortrait UIInterfaceOrientationLandscapeLeft UIInterfaceOrientationLandscapeRight";
				LD_RUNPATH_SEARCH_PATHS = (
					"$(inherited)",
					"@executable_path/Frameworks",
				);
				MARKETING_VERSION = 1.0;
				PRODUCT_BUNDLE_IDENTIFIER = com.iosProg.linh.ASM1;
				PRODUCT_NAME = "$(TARGET_NAME)";
				SWIFT_EMIT_LOC_STRINGS = YES;
				SWIFT_VERSION = 5.0;
				TARGETED_DEVICE_FAMILY = "1,2";
			};
			name = Release;
		};
/* End XCBuildConfiguration section */

/* Begin XCConfigurationList section */
		C44C1352288B95E8008AACE1 /* Build configuration list for PBXProject "ASM1" */ = {
			isa = XCConfigurationList;
			buildConfigurations = (
				C44C1363288B95ED008AACE1 /* Debug */,
				C44C1364288B95ED008AACE1 /* Release */,
			);
			defaultConfigurationIsVisible = 0;
			defaultConfigurationName = Release;
		};
		C44C1365288B95ED008AACE1 /* Build configuration list for PBXNativeTarget "ASM1" */ = {
			isa = XCConfigurationList;
			buildConfigurations = (
				C44C1366288B95ED008AACE1 /* Debug */,
				C44C1367288B95ED008AACE1 /* Release */,
			);
			defaultConfigurationIsVisible = 0;
			defaultConfigurationName = Release;
		};
/* End XCConfigurationList section */
	};
	rootObject = C44C134F288B95E8008AACE1 /* Project object */;
}
